// !$*UTF8*$!
{
	archiveVersion = 1;
	classes = {
	};
	objectVersion = 50;
	objects = {

/* Begin PBXBuildFile section */
		42122EE3259303C0005EC58E /* main.cpp in Sources */ = {isa = PBXBuildFile; fileRef = 42122EE2259303C0005EC58E /* main.cpp */; };
		42122F0B25931075005EC58E /* sfml-graphics.framework in Frameworks */ = {isa = PBXBuildFile; fileRef = 42122EFE25931075005EC58E /* sfml-graphics.framework */; };
		42122F0C25931075005EC58E /* vorbis.framework in Frameworks */ = {isa = PBXBuildFile; fileRef = 42122EFF25931075005EC58E /* vorbis.framework */; };
		42122F0D25931075005EC58E /* sfml-audio.framework in Frameworks */ = {isa = PBXBuildFile; fileRef = 42122F0025931075005EC58E /* sfml-audio.framework */; };
		42122F0E25931075005EC58E /* FLAC.framework in Frameworks */ = {isa = PBXBuildFile; fileRef = 42122F0125931075005EC58E /* FLAC.framework */; };
		42122F0F25931075005EC58E /* freetype.framework in Frameworks */ = {isa = PBXBuildFile; fileRef = 42122F0225931075005EC58E /* freetype.framework */; };
		42122F1025931075005EC58E /* OpenAL.framework in Frameworks */ = {isa = PBXBuildFile; fileRef = 42122F0325931075005EC58E /* OpenAL.framework */; };
		42122F1125931075005EC58E /* SFML.framework in Frameworks */ = {isa = PBXBuildFile; fileRef = 42122F0425931075005EC58E /* SFML.framework */; };
		42122F1225931075005EC58E /* vorbisfile.framework in Frameworks */ = {isa = PBXBuildFile; fileRef = 42122F0525931075005EC58E /* vorbisfile.framework */; };
		42122F1325931075005EC58E /* vorbisenc.framework in Frameworks */ = {isa = PBXBuildFile; fileRef = 42122F0625931075005EC58E /* vorbisenc.framework */; };
		42122F1425931075005EC58E /* sfml-system.framework in Frameworks */ = {isa = PBXBuildFile; fileRef = 42122F0725931075005EC58E /* sfml-system.framework */; };
		42122F1525931075005EC58E /* ogg.framework in Frameworks */ = {isa = PBXBuildFile; fileRef = 42122F0825931075005EC58E /* ogg.framework */; };
		42122F1625931075005EC58E /* sfml-network.framework in Frameworks */ = {isa = PBXBuildFile; fileRef = 42122F0925931075005EC58E /* sfml-network.framework */; };
		42122F1725931075005EC58E /* sfml-window.framework in Frameworks */ = {isa = PBXBuildFile; fileRef = 42122F0A25931075005EC58E /* sfml-window.framework */; };
/* End PBXBuildFile section */

/* Begin PBXCopyFilesBuildPhase section */
		42122EDD259303C0005EC58E /* CopyFiles */ = {
			isa = PBXCopyFilesBuildPhase;
			buildActionMask = 2147483647;
			dstPath = /usr/share/man/man1/;
			dstSubfolderSpec = 0;
			files = (
			);
			runOnlyForDeploymentPostprocessing = 1;
		};
/* End PBXCopyFilesBuildPhase section */

/* Begin PBXFileReference section */
		42122EDF259303C0005EC58E /* Timber */ = {isa = PBXFileReference; explicitFileType = "compiled.mach-o.executable"; includeInIndex = 0; path = Timber; sourceTree = BUILT_PRODUCTS_DIR; };
		42122EE2259303C0005EC58E /* main.cpp */ = {isa = PBXFileReference; lastKnownFileType = sourcecode.cpp.cpp; path = main.cpp; sourceTree = "<group>"; };
		42122EEC25930AB5005EC58E /* libsfml-window.2.5.1.dylib */ = {isa = PBXFileReference; lastKnownFileType = "compiled.mach-o.dylib"; name = "libsfml-window.2.5.1.dylib"; path = "ExternalLibraries/SFML/lib/libsfml-window.2.5.1.dylib"; sourceTree = "<group>"; };
		42122EED25930AB5005EC58E /* libsfml-graphics.2.5.1.dylib */ = {isa = PBXFileReference; lastKnownFileType = "compiled.mach-o.dylib"; name = "libsfml-graphics.2.5.1.dylib"; path = "ExternalLibraries/SFML/lib/libsfml-graphics.2.5.1.dylib"; sourceTree = "<group>"; };
		42122EEE25930AB5005EC58E /* libsfml-network.2.5.1.dylib */ = {isa = PBXFileReference; lastKnownFileType = "compiled.mach-o.dylib"; name = "libsfml-network.2.5.1.dylib"; path = "ExternalLibraries/SFML/lib/libsfml-network.2.5.1.dylib"; sourceTree = "<group>"; };
		42122EEF25930AB5005EC58E /* libsfml-audio.2.5.1.dylib */ = {isa = PBXFileReference; lastKnownFileType = "compiled.mach-o.dylib"; name = "libsfml-audio.2.5.1.dylib"; path = "ExternalLibraries/SFML/lib/libsfml-audio.2.5.1.dylib"; sourceTree = "<group>"; };
		42122EF025930AB5005EC58E /* libsfml-system.2.5.1.dylib */ = {isa = PBXFileReference; lastKnownFileType = "compiled.mach-o.dylib"; name = "libsfml-system.2.5.1.dylib"; path = "ExternalLibraries/SFML/lib/libsfml-system.2.5.1.dylib"; sourceTree = "<group>"; };
		42122EFE25931075005EC58E /* sfml-graphics.framework */ = {isa = PBXFileReference; lastKnownFileType = wrapper.framework; name = "sfml-graphics.framework"; path = "../../../../../Library/Frameworks/sfml-graphics.framework"; sourceTree = "<group>"; };
		42122EFF25931075005EC58E /* vorbis.framework */ = {isa = PBXFileReference; lastKnownFileType = wrapper.framework; name = vorbis.framework; path = ../../../../../Library/Frameworks/vorbis.framework; sourceTree = "<group>"; };
		42122F0025931075005EC58E /* sfml-audio.framework */ = {isa = PBXFileReference; lastKnownFileType = wrapper.framework; name = "sfml-audio.framework"; path = "../../../../../Library/Frameworks/sfml-audio.framework"; sourceTree = "<group>"; };
		42122F0125931075005EC58E /* FLAC.framework */ = {isa = PBXFileReference; lastKnownFileType = wrapper.framework; name = FLAC.framework; path = ../../../../../Library/Frameworks/FLAC.framework; sourceTree = "<group>"; };
		42122F0225931075005EC58E /* freetype.framework */ = {isa = PBXFileReference; lastKnownFileType = wrapper.framework; name = freetype.framework; path = ../../../../../Library/Frameworks/freetype.framework; sourceTree = "<group>"; };
		42122F0325931075005EC58E /* OpenAL.framework */ = {isa = PBXFileReference; lastKnownFileType = wrapper.framework; name = OpenAL.framework; path = ../../../../../Library/Frameworks/OpenAL.framework; sourceTree = "<group>"; };
		42122F0425931075005EC58E /* SFML.framework */ = {isa = PBXFileReference; lastKnownFileType = wrapper.framework; name = SFML.framework; path = ../../../../../Library/Frameworks/SFML.framework; sourceTree = "<group>"; };
		42122F0525931075005EC58E /* vorbisfile.framework */ = {isa = PBXFileReference; lastKnownFileType = wrapper.framework; name = vorbisfile.framework; path = ../../../../../Library/Frameworks/vorbisfile.framework; sourceTree = "<group>"; };
		42122F0625931075005EC58E /* vorbisenc.framework */ = {isa = PBXFileReference; lastKnownFileType = wrapper.framework; name = vorbisenc.framework; path = ../../../../../Library/Frameworks/vorbisenc.framework; sourceTree = "<group>"; };
		42122F0725931075005EC58E /* sfml-system.framework */ = {isa = PBXFileReference; lastKnownFileType = wrapper.framework; name = "sfml-system.framework"; path = "../../../../../Library/Frameworks/sfml-system.framework"; sourceTree = "<group>"; };
		42122F0825931075005EC58E /* ogg.framework */ = {isa = PBXFileReference; lastKnownFileType = wrapper.framework; name = ogg.framework; path = ../../../../../Library/Frameworks/ogg.framework; sourceTree = "<group>"; };
		42122F0925931075005EC58E /* sfml-network.framework */ = {isa = PBXFileReference; lastKnownFileType = wrapper.framework; name = "sfml-network.framework"; path = "../../../../../Library/Frameworks/sfml-network.framework"; sourceTree = "<group>"; };
		42122F0A25931075005EC58E /* sfml-window.framework */ = {isa = PBXFileReference; lastKnownFileType = wrapper.framework; name = "sfml-window.framework"; path = "../../../../../Library/Frameworks/sfml-window.framework"; sourceTree = "<group>"; };
/* End PBXFileReference section */

/* Begin PBXFrameworksBuildPhase section */
		42122EDC259303C0005EC58E /* Frameworks */ = {
			isa = PBXFrameworksBuildPhase;
			buildActionMask = 2147483647;
			files = (
				42122F0B25931075005EC58E /* sfml-graphics.framework in Frameworks */,
				42122F0C25931075005EC58E /* vorbis.framework in Frameworks */,
				42122F0D25931075005EC58E /* sfml-audio.framework in Frameworks */,
				42122F0E25931075005EC58E /* FLAC.framework in Frameworks */,
				42122F0F25931075005EC58E /* freetype.framework in Frameworks */,
				42122F1025931075005EC58E /* OpenAL.framework in Frameworks */,
				42122F1125931075005EC58E /* SFML.framework in Frameworks */,
				42122F1225931075005EC58E /* vorbisfile.framework in Frameworks */,
				42122F1325931075005EC58E /* vorbisenc.framework in Frameworks */,
				42122F1425931075005EC58E /* sfml-system.framework in Frameworks */,
				42122F1525931075005EC58E /* ogg.framework in Frameworks */,
				42122F1625931075005EC58E /* sfml-network.framework in Frameworks */,
				42122F1725931075005EC58E /* sfml-window.framework in Frameworks */,
			);
			runOnlyForDeploymentPostprocessing = 0;
		};
/* End PBXFrameworksBuildPhase section */

/* Begin PBXGroup section */
		42122ED6259303C0005EC58E = {
			isa = PBXGroup;
			children = (
				42122EE1259303C0005EC58E /* Timber */,
				42122EE0259303C0005EC58E /* Products */,
				42122EEB25930AB5005EC58E /* Frameworks */,
			);
			sourceTree = "<group>";
		};
		42122EE0259303C0005EC58E /* Products */ = {
			isa = PBXGroup;
			children = (
				42122EDF259303C0005EC58E /* Timber */,
			);
			name = Products;
			sourceTree = "<group>";
		};
		42122EE1259303C0005EC58E /* Timber */ = {
			isa = PBXGroup;
			children = (
				42122EE2259303C0005EC58E /* main.cpp */,
			);
			path = Timber;
			sourceTree = "<group>";
		};
		42122EEB25930AB5005EC58E /* Frameworks */ = {
			isa = PBXGroup;
			children = (
				42122F0125931075005EC58E /* FLAC.framework */,
				42122F0225931075005EC58E /* freetype.framework */,
				42122F0825931075005EC58E /* ogg.framework */,
				42122F0325931075005EC58E /* OpenAL.framework */,
				42122F0025931075005EC58E /* sfml-audio.framework */,
				42122EFE25931075005EC58E /* sfml-graphics.framework */,
				42122F0925931075005EC58E /* sfml-network.framework */,
				42122F0725931075005EC58E /* sfml-system.framework */,
				42122F0A25931075005EC58E /* sfml-window.framework */,
				42122F0425931075005EC58E /* SFML.framework */,
				42122EFF25931075005EC58E /* vorbis.framework */,
				42122F0625931075005EC58E /* vorbisenc.framework */,
				42122F0525931075005EC58E /* vorbisfile.framework */,
				42122EEF25930AB5005EC58E /* libsfml-audio.2.5.1.dylib */,
				42122EED25930AB5005EC58E /* libsfml-graphics.2.5.1.dylib */,
				42122EEE25930AB5005EC58E /* libsfml-network.2.5.1.dylib */,
				42122EF025930AB5005EC58E /* libsfml-system.2.5.1.dylib */,
				42122EEC25930AB5005EC58E /* libsfml-window.2.5.1.dylib */,
			);
			name = Frameworks;
			sourceTree = "<group>";
		};
/* End PBXGroup section */

/* Begin PBXNativeTarget section */
		42122EDE259303C0005EC58E /* Timber */ = {
			isa = PBXNativeTarget;
			buildConfigurationList = 42122EE6259303C0005EC58E /* Build configuration list for PBXNativeTarget "Timber" */;
			buildPhases = (
				42122EDB259303C0005EC58E /* Sources */,
				42122EDC259303C0005EC58E /* Frameworks */,
				42122EDD259303C0005EC58E /* CopyFiles */,
			);
			buildRules = (
			);
			dependencies = (
			);
			name = Timber;
			productName = Timber;
			productReference = 42122EDF259303C0005EC58E /* Timber */;
			productType = "com.apple.product-type.tool";
		};
/* End PBXNativeTarget section */

/* Begin PBXProject section */
		42122ED7259303C0005EC58E /* Project object */ = {
			isa = PBXProject;
			attributes = {
				LastUpgradeCheck = 1200;
				TargetAttributes = {
					42122EDE259303C0005EC58E = {
						CreatedOnToolsVersion = 12.0;
					};
				};
			};
			buildConfigurationList = 42122EDA259303C0005EC58E /* Build configuration list for PBXProject "Timber" */;
			compatibilityVersion = "Xcode 9.3";
			developmentRegion = en;
			hasScannedForEncodings = 0;
			knownRegions = (
				en,
				Base,
			);
			mainGroup = 42122ED6259303C0005EC58E;
			productRefGroup = 42122EE0259303C0005EC58E /* Products */;
			projectDirPath = "";
			projectRoot = "";
			targets = (
				42122EDE259303C0005EC58E /* Timber */,
			);
		};
/* End PBXProject section */

/* Begin PBXSourcesBuildPhase section */
		42122EDB259303C0005EC58E /* Sources */ = {
			isa = PBXSourcesBuildPhase;
			buildActionMask = 2147483647;
			files = (
				42122EE3259303C0005EC58E /* main.cpp in Sources */,
			);
			runOnlyForDeploymentPostprocessing = 0;
		};
/* End PBXSourcesBuildPhase section */

/* Begin XCBuildConfiguration section */
		42122EE4259303C0005EC58E /* Debug */ = {
			isa = XCBuildConfiguration;
			buildSettings = {
				ALWAYS_SEARCH_USER_PATHS = NO;
				CLANG_ANALYZER_NONNULL = YES;
				CLANG_ANALYZER_NUMBER_OBJECT_CONVERSION = YES_AGGRESSIVE;
				CLANG_CXX_LANGUAGE_STANDARD = "gnu++14";
				CLANG_CXX_LIBRARY = "libc++";
				CLANG_ENABLE_MODULES = YES;
				CLANG_ENABLE_OBJC_ARC = YES;
				CLANG_ENABLE_OBJC_WEAK = YES;
				CLANG_WARN_BLOCK_CAPTURE_AUTORELEASING = YES;
				CLANG_WARN_BOOL_CONVERSION = YES;
				CLANG_WARN_COMMA = YES;
				CLANG_WARN_CONSTANT_CONVERSION = YES;
				CLANG_WARN_DEPRECATED_OBJC_IMPLEMENTATIONS = YES;
				CLANG_WARN_DIRECT_OBJC_ISA_USAGE = YES_ERROR;
				CLANG_WARN_DOCUMENTATION_COMMENTS = YES;
				CLANG_WARN_EMPTY_BODY = YES;
				CLANG_WARN_ENUM_CONVERSION = YES;
				CLANG_WARN_INFINITE_RECURSION = YES;
				CLANG_WARN_INT_CONVERSION = YES;
				CLANG_WARN_NON_LITERAL_NULL_CONVERSION = YES;
				CLANG_WARN_OBJC_IMPLICIT_RETAIN_SELF = YES;
				CLANG_WARN_OBJC_LITERAL_CONVERSION = YES;
				CLANG_WARN_OBJC_ROOT_CLASS = YES_ERROR;
				CLANG_WARN_QUOTED_INCLUDE_IN_FRAMEWORK_HEADER = YES;
				CLANG_WARN_RANGE_LOOP_ANALYSIS = YES;
				CLANG_WARN_STRICT_PROTOTYPES = YES;
				CLANG_WARN_SUSPICIOUS_MOVE = YES;
				CLANG_WARN_UNGUARDED_AVAILABILITY = YES_AGGRESSIVE;
				CLANG_WARN_UNREACHABLE_CODE = YES;
				CLANG_WARN__DUPLICATE_METHOD_MATCH = YES;
				COPY_PHASE_STRIP = NO;
				DEBUG_INFORMATION_FORMAT = dwarf;
				ENABLE_STRICT_OBJC_MSGSEND = YES;
				ENABLE_TESTABILITY = YES;
				GCC_C_LANGUAGE_STANDARD = gnu11;
				GCC_DYNAMIC_NO_PIC = NO;
				GCC_NO_COMMON_BLOCKS = YES;
				GCC_OPTIMIZATION_LEVEL = 0;
				GCC_PREPROCESSOR_DEFINITIONS = (
					"DEBUG=1",
					"$(inherited)",
				);
				GCC_WARN_64_TO_32_BIT_CONVERSION = YES;
				GCC_WARN_ABOUT_RETURN_TYPE = YES_ERROR;
				GCC_WARN_UNDECLARED_SELECTOR = YES;
				GCC_WARN_UNINITIALIZED_AUTOS = YES_AGGRESSIVE;
				GCC_WARN_UNUSED_FUNCTION = YES;
				GCC_WARN_UNUSED_VARIABLE = YES;
				MACOSX_DEPLOYMENT_TARGET = 10.15;
				MTL_ENABLE_DEBUG_INFO = INCLUDE_SOURCE;
				MTL_FAST_MATH = YES;
				ONLY_ACTIVE_ARCH = YES;
				SDKROOT = macosx;
			};
			name = Debug;
		};
		42122EE5259303C0005EC58E /* Release */ = {
			isa = XCBuildConfiguration;
			buildSettings = {
				ALWAYS_SEARCH_USER_PATHS = NO;
				CLANG_ANALYZER_NONNULL = YES;
				CLANG_ANALYZER_NUMBER_OBJECT_CONVERSION = YES_AGGRESSIVE;
				CLANG_CXX_LANGUAGE_STANDARD = "gnu++14";
				CLANG_CXX_LIBRARY = "libc++";
				CLANG_ENABLE_MODULES = YES;
				CLANG_ENABLE_OBJC_ARC = YES;
				CLANG_ENABLE_OBJC_WEAK = YES;
				CLANG_WARN_BLOCK_CAPTURE_AUTORELEASING = YES;
				CLANG_WARN_BOOL_CONVERSION = YES;
				CLANG_WARN_COMMA = YES;
				CLANG_WARN_CONSTANT_CONVERSION = YES;
				CLANG_WARN_DEPRECATED_OBJC_IMPLEMENTATIONS = YES;
				CLANG_WARN_DIRECT_OBJC_ISA_USAGE = YES_ERROR;
				CLANG_WARN_DOCUMENTATION_COMMENTS = YES;
				CLANG_WARN_EMPTY_BODY = YES;
				CLANG_WARN_ENUM_CONVERSION = YES;
				CLANG_WARN_INFINITE_RECURSION = YES;
				CLANG_WARN_INT_CONVERSION = YES;
				CLANG_WARN_NON_LITERAL_NULL_CONVERSION = YES;
				CLANG_WARN_OBJC_IMPLICIT_RETAIN_SELF = YES;
				CLANG_WARN_OBJC_LITERAL_CONVERSION = YES;
				CLANG_WARN_OBJC_ROOT_CLASS = YES_ERROR;
				CLANG_WARN_QUOTED_INCLUDE_IN_FRAMEWORK_HEADER = YES;
				CLANG_WARN_RANGE_LOOP_ANALYSIS = YES;
				CLANG_WARN_STRICT_PROTOTYPES = YES;
				CLANG_WARN_SUSPICIOUS_MOVE = YES;
				CLANG_WARN_UNGUARDED_AVAILABILITY = YES_AGGRESSIVE;
				CLANG_WARN_UNREACHABLE_CODE = YES;
				CLANG_WARN__DUPLICATE_METHOD_MATCH = YES;
				COPY_PHASE_STRIP = NO;
				DEBUG_INFORMATION_FORMAT = "dwarf-with-dsym";
				ENABLE_NS_ASSERTIONS = NO;
				ENABLE_STRICT_OBJC_MSGSEND = YES;
				GCC_C_LANGUAGE_STANDARD = gnu11;
				GCC_NO_COMMON_BLOCKS = YES;
				GCC_WARN_64_TO_32_BIT_CONVERSION = YES;
				GCC_WARN_ABOUT_RETURN_TYPE = YES_ERROR;
				GCC_WARN_UNDECLARED_SELECTOR = YES;
				GCC_WARN_UNINITIALIZED_AUTOS = YES_AGGRESSIVE;
				GCC_WARN_UNUSED_FUNCTION = YES;
				GCC_WARN_UNUSED_VARIABLE = YES;
				MACOSX_DEPLOYMENT_TARGET = 10.15;
				MTL_ENABLE_DEBUG_INFO = NO;
				MTL_FAST_MATH = YES;
				SDKROOT = macosx;
			};
			name = Release;
		};
		42122EE7259303C0005EC58E /* Debug */ = {
			isa = XCBuildConfiguration;
			buildSettings = {
				CODE_SIGN_STYLE = Automatic;
				FRAMEWORK_SEARCH_PATHS = (
					"$(inherited)",
					"$(LOCAL_LIBRARY_DIR)/Frameworks",
				);
				HEADER_SEARCH_PATHS = "";
				LIBRARY_SEARCH_PATHS = (
					"$(inherited)",
					"$(PROJECT_DIR)/ExternalLibraries/SFML/lib",
				);
				PRODUCT_NAME = "$(TARGET_NAME)";
			};
			name = Debug;
		};
		42122EE8259303C0005EC58E /* Release */ = {
			isa = XCBuildConfiguration;
			buildSettings = {
				CODE_SIGN_STYLE = Automatic;
				FRAMEWORK_SEARCH_PATHS = (
					"$(inherited)",
					"$(LOCAL_LIBRARY_DIR)/Frameworks",
				);
				HEADER_SEARCH_PATHS = "";
				LIBRARY_SEARCH_PATHS = (
					"$(inherited)",
					"$(PROJECT_DIR)/ExternalLibraries/SFML/lib",
				);
				PRODUCT_NAME = "$(TARGET_NAME)";
			};
			name = Release;
		};
/* End XCBuildConfiguration section */

/* Begin XCConfigurationList section */
		42122EDA259303C0005EC58E /* Build configuration list for PBXProject "Timber" */ = {
			isa = XCConfigurationList;
			buildConfigurations = (
				42122EE4259303C0005EC58E /* Debug */,
				42122EE5259303C0005EC58E /* Release */,
			);
			defaultConfigurationIsVisible = 0;
			defaultConfigurationName = Release;
		};
		42122EE6259303C0005EC58E /* Build configuration list for PBXNativeTarget "Timber" */ = {
			isa = XCConfigurationList;
			buildConfigurations = (
				42122EE7259303C0005EC58E /* Debug */,
				42122EE8259303C0005EC58E /* Release */,
			);
			defaultConfigurationIsVisible = 0;
			defaultConfigurationName = Release;
		};
/* End XCConfigurationList section */
	};
	rootObject = 42122ED7259303C0005EC58E /* Project object */;
}
